
Microsoft Visual Studio Solution File, Format Version 12.00
# Visual Studio Version 16
VisualStudioVersion = 16.0.30804.86
MinimumVisualStudioVersion = 10.0.40219.1
Project("{FAE04EC0-301F-11D3-BF4B-00C04F79EFBC}") = "WPFDemo", "WPFDemo\WPFDemo.csproj", "{4D690F2F-BE86-4D48-BABD-674073E0211F}"
EndProject
Global
	GlobalSection(SolutionConfigurationPlatforms) = preSolution
		Debug|Any CPU = Debug|Any CPU
		Release|Any CPU = Release|Any CPU
	EndGlobalSection
	GlobalSection(ProjectConfigurationPlatforms) = postSolution
		{4D690F2F-BE86-4D48-BABD-674073E0211F}.Debug|Any CPU.ActiveCfg = Debug|Any CPU
		{4D690F2F-BE86-4D48-BABD-674073E0211F}.Debug|Any CPU.Build.0 = Debug|Any CPU
		{4D690F2F-BE86-4D48-BABD-674073E0211F}.Release|Any CPU.ActiveCfg = Release|Any CPU
		{4D690F2F-BE86-4D48-BABD-674073E0211F}.Release|Any CPU.Build.0 = Release|Any CPU
	EndGlobalSection
	GlobalSection(SolutionProperties) = preSolution
		HideSolutionNode = FALSE
	EndGlobalSection
	GlobalSection(ExtensibilityGlobals) = postSolution
		SolutionGuid = {B6ABE036-47E6-4307-8BB6-04278739CF76}
	EndGlobalSection
EndGlobal
