
Microsoft Visual Studio Solution File, Format Version 12.00
# Visual Studio Version 16
VisualStudioVersion = 16.0.30804.86
MinimumVisualStudioVersion = 10.0.40219.1
Project("{FAE04EC0-301F-11D3-BF4B-00C04F79EFBC}") = "OOPIntroduction", "OOPIntroduction\OOPIntroduction.csproj", "{B34473CD-3707-4431-A80D-37897822B46C}"
EndProject
Global
	GlobalSection(SolutionConfigurationPlatforms) = preSolution
		Debug|Any CPU = Debug|Any CPU
		Release|Any CPU = Release|Any CPU
	EndGlobalSection
	GlobalSection(ProjectConfigurationPlatforms) = postSolution
		{B34473CD-3707-4431-A80D-37897822B46C}.Debug|Any CPU.ActiveCfg = Debug|Any CPU
		{B34473CD-3707-4431-A80D-37897822B46C}.Debug|Any CPU.Build.0 = Debug|Any CPU
		{B34473CD-3707-4431-A80D-37897822B46C}.Release|Any CPU.ActiveCfg = Release|Any CPU
		{B34473CD-3707-4431-A80D-37897822B46C}.Release|Any CPU.Build.0 = Release|Any CPU
	EndGlobalSection
	GlobalSection(SolutionProperties) = preSolution
		HideSolutionNode = FALSE
	EndGlobalSection
	GlobalSection(ExtensibilityGlobals) = postSolution
		SolutionGuid = {2BEA259C-0521-4CFA-82E9-FBE333C0E433}
	EndGlobalSection
EndGlobal
